github.com/bankole7782/mof v1.0.0 h1:3rltQJILq9vsBxT4n0cVnHMzBhHqT5kXrsl6ueo0osw=
github.com/bankole7782/mof v1.0.0/go.mod h1:jh9v/sFA9YDydJIpADTYnKFjshE3a2ywtPfPkxocqDQ=
github.com/gomarkdown/markdown v0.0.0-20210408062403-ad838ccf8cdd h1:0b8AqsWQb6A0jjx80UXLG/uMTXQkGD0IGuXWqsrNz1M=
github.com/gomarkdown/markdown v0.0.0-20210408062403-ad838ccf8cdd/go.mod h1:aii0r/K0ZnHv7G0KF7xy1v0A7s2Ljrb5byB7MO5p6TU=
github.com/otiai10/copy v1.5.1 h1:a/cs2E1/1V0az8K5nblbl+ymEa4E11AfaOLMar8V34w=
github.com/otiai10/copy v1.5.1/go.mod h1:XWfuS3CrI0R6IE0FbgHsEazaXO8G0LpMp9o8tos0x4E=
github.com/otiai10/curr v0.0.0-20150429015615-9b4961190c95/go.mod h1:9qAhocn7zKJG+0mI8eUu6xqkFDYS2kb2saOteoSB3cE=
github.com/otiai10/curr v1.0.0/go.mod h1:LskTG5wDwr8Rs+nNQ+1LlxRjAtTZZjtJW4rMXl6j4vs=
github.com/otiai10/mint v1.3.0/go.mod h1:F5AjcsTsWUqX+Na9fpHb52P8pcRX2CI6A3ctIT91xUo=
github.com/otiai10/mint v1.3.2 h1:VYWnrP5fXmz1MXvjuUvcBrXSjGE6xjON+axB/UrpO3E=
github.com/otiai10/mint v1.3.2/go.mod h1:/yxELlJQ0ufhjUwhshSj+wFjZ78CnZ48/1wtmBH1OTc=
github.com/pkg/errors v0.9.1 h1:FEBLx1zS214owpjy7qsBeixbURkuhQAwrK5UwLGTwt4=
github.com/pkg/errors v0.9.1/go.mod h1:bwawxfHBFNV+L2hUp1rHADufV3IMtnDRdf1r5NINEl0=
golang.org/dl v0.0.0-20190829154251-82a15e2f2ead/go.mod h1:IUMfjQLJQd4UTqG1Z90tenwKoCX93Gn3MAQJMOSBsDQ=
